
Microsoft Visual Studio Solution File, Format Version 12.00
# Visual Studio Version 17
VisualStudioVersion = 17.10.35004.147
MinimumVisualStudioVersion = 10.0.40219.1
Project("{FAE04EC0-301F-11D3-BF4B-00C04F79EFBC}") = "har", "har\har.csproj", "{D5C4FD94-AA26-4A86-956B-B576BB3556B0}"
EndProject
Global
	GlobalSection(SolutionConfigurationPlatforms) = preSolution
		Debug|Any CPU = Debug|Any CPU
		Release|Any CPU = Release|Any CPU
	EndGlobalSection
	GlobalSection(ProjectConfigurationPlatforms) = postSolution
		{D5C4FD94-AA26-4A86-956B-B576BB3556B0}.Debug|Any CPU.ActiveCfg = Debug|Any CPU
		{D5C4FD94-AA26-4A86-956B-B576BB3556B0}.Debug|Any CPU.Build.0 = Debug|Any CPU
		{D5C4FD94-AA26-4A86-956B-B576BB3556B0}.Release|Any CPU.ActiveCfg = Release|Any CPU
		{D5C4FD94-AA26-4A86-956B-B576BB3556B0}.Release|Any CPU.Build.0 = Release|Any CPU
	EndGlobalSection
	GlobalSection(SolutionProperties) = preSolution
		HideSolutionNode = FALSE
	EndGlobalSection
	GlobalSection(ExtensibilityGlobals) = postSolution
		SolutionGuid = {A3E409AD-D34F-4DF9-82E7-FDBFBAEEFF65}
	EndGlobalSection
EndGlobal
